
Microsoft Visual Studio Solution File, Format Version 12.00
# Visual Studio 15
Project("{FAE04EC0-301F-11D3-BF4B-00C04F79EFBC}") = "Assembly-CSharp", "Assembly-CSharp.csproj", "{76715D27-6B34-5EAB-486E-1694B0DDF41B}"
EndProject
Project("{FAE04EC0-301F-11D3-BF4B-00C04F79EFBC}") = "Assembly-CSharp-Editor", "Assembly-CSharp-Editor.csproj", "{71954C17-29DF-0899-E32C-197F5CD2F55B}"
EndProject
Global
	GlobalSection(SolutionConfigurationPlatforms) = preSolution
		Debug|Any CPU = Debug|Any CPU
		Release|Any CPU = Release|Any CPU
	EndGlobalSection
	GlobalSection(ProjectConfigurationPlatforms) = postSolution
		{76715D27-6B34-5EAB-486E-1694B0DDF41B}.Debug|Any CPU.ActiveCfg = Debug|Any CPU
		{76715D27-6B34-5EAB-486E-1694B0DDF41B}.Debug|Any CPU.Build.0 = Debug|Any CPU
		{76715D27-6B34-5EAB-486E-1694B0DDF41B}.Release|Any CPU.ActiveCfg = Release|Any CPU
		{76715D27-6B34-5EAB-486E-1694B0DDF41B}.Release|Any CPU.Build.0 = Release|Any CPU
		{71954C17-29DF-0899-E32C-197F5CD2F55B}.Debug|Any CPU.ActiveCfg = Debug|Any CPU
		{71954C17-29DF-0899-E32C-197F5CD2F55B}.Debug|Any CPU.Build.0 = Debug|Any CPU
		{71954C17-29DF-0899-E32C-197F5CD2F55B}.Release|Any CPU.ActiveCfg = Release|Any CPU
		{71954C17-29DF-0899-E32C-197F5CD2F55B}.Release|Any CPU.Build.0 = Release|Any CPU
	EndGlobalSection
	GlobalSection(SolutionProperties) = preSolution
		HideSolutionNode = FALSE
	EndGlobalSection
EndGlobal
